
Microsoft Visual Studio Solution File, Format Version 12.00
# Visual Studio Version 17
VisualStudioVersion = 17.9.34728.123
MinimumVisualStudioVersion = 10.0.40219.1
Project("{FAE04EC0-301F-11D3-BF4B-00C04F79EFBC}") = "SWELeGroupePrototype2", "SWELeGroupePrototype2\SWELeGroupePrototype2.csproj", "{F0AC370D-13DB-48AC-9CF6-70C7A8B121F2}"
EndProject
Global
	GlobalSection(SolutionConfigurationPlatforms) = preSolution
		Debug|Any CPU = Debug|Any CPU
		Release|Any CPU = Release|Any CPU
	EndGlobalSection
	GlobalSection(ProjectConfigurationPlatforms) = postSolution
		{F0AC370D-13DB-48AC-9CF6-70C7A8B121F2}.Debug|Any CPU.ActiveCfg = Debug|Any CPU
		{F0AC370D-13DB-48AC-9CF6-70C7A8B121F2}.Debug|Any CPU.Build.0 = Debug|Any CPU
		{F0AC370D-13DB-48AC-9CF6-70C7A8B121F2}.Release|Any CPU.ActiveCfg = Release|Any CPU
		{F0AC370D-13DB-48AC-9CF6-70C7A8B121F2}.Release|Any CPU.Build.0 = Release|Any CPU
	EndGlobalSection
	GlobalSection(SolutionProperties) = preSolution
		HideSolutionNode = FALSE
	EndGlobalSection
	GlobalSection(ExtensibilityGlobals) = postSolution
		SolutionGuid = {15795DA9-0F98-4AB7-9EA8-C514476E6D96}
	EndGlobalSection
EndGlobal
